// !$*UTF8*$!
{
	archiveVersion = 1;
	classes = {
	};
	objectVersion = 55;
	objects = {

/* Begin PBXBuildFile section */
		8E4690FA284E635D0017A081 /* LoginViewController.swift in Sources */ = {isa = PBXBuildFile; fileRef = 8E4690F9284E635D0017A081 /* LoginViewController.swift */; };
		8E4690FC284E63670017A081 /* Login.storyboard in Resources */ = {isa = PBXBuildFile; fileRef = 8E4690FB284E63670017A081 /* Login.storyboard */; };
		8E4690FE284E63760017A081 /* SignUp.storyboard in Resources */ = {isa = PBXBuildFile; fileRef = 8E4690FD284E63760017A081 /* SignUp.storyboard */; };
		8E469100284E63820017A081 /* SignUpViewController.swift in Sources */ = {isa = PBXBuildFile; fileRef = 8E4690FF284E63820017A081 /* SignUpViewController.swift */; };
		8E469107284E65260017A081 /* Comfortaa-Light.ttf in Resources */ = {isa = PBXBuildFile; fileRef = 8E469102284E65260017A081 /* Comfortaa-Light.ttf */; };
		8E469108284E65260017A081 /* Comfortaa-SemiBold.ttf in Resources */ = {isa = PBXBuildFile; fileRef = 8E469103284E65260017A081 /* Comfortaa-SemiBold.ttf */; };
		8E469109284E65260017A081 /* Comfortaa-Bold.ttf in Resources */ = {isa = PBXBuildFile; fileRef = 8E469104284E65260017A081 /* Comfortaa-Bold.ttf */; };
		8E46910A284E65260017A081 /* Comfortaa-Regular.ttf in Resources */ = {isa = PBXBuildFile; fileRef = 8E469105284E65260017A081 /* Comfortaa-Regular.ttf */; };
		8E46910B284E65260017A081 /* Comfortaa-Medium.ttf in Resources */ = {isa = PBXBuildFile; fileRef = 8E469106284E65260017A081 /* Comfortaa-Medium.ttf */; };
		8E4941C928579F2700E3F5E3 /* Main.storyboard in Resources */ = {isa = PBXBuildFile; fileRef = 8E4941C828579F2700E3F5E3 /* Main.storyboard */; };
		8E4941CB28579F3E00E3F5E3 /* MainViewController.swift in Sources */ = {isa = PBXBuildFile; fileRef = 8E4941CA28579F3E00E3F5E3 /* MainViewController.swift */; };
		8E4941D72857B8A200E3F5E3 /* Survey.storyboard in Resources */ = {isa = PBXBuildFile; fileRef = 8E4941D62857B8A200E3F5E3 /* Survey.storyboard */; };
		8E4941E028585E8D00E3F5E3 /* Data.json in Resources */ = {isa = PBXBuildFile; fileRef = 8E4941DF28585E8D00E3F5E3 /* Data.json */; };
		8E8BB14C284E720C00301EC5 /* UIViewController+.swift in Sources */ = {isa = PBXBuildFile; fileRef = 8E8BB14B284E720C00301EC5 /* UIViewController+.swift */; };
		8E8BB14E284E729700301EC5 /* UIView+.swift in Sources */ = {isa = PBXBuildFile; fileRef = 8E8BB14D284E729700301EC5 /* UIView+.swift */; };
		8E8BB153284F3CA700301EC5 /* RegisterViewController.swift in Sources */ = {isa = PBXBuildFile; fileRef = 8E8BB152284F3CA700301EC5 /* RegisterViewController.swift */; };
		8E8BB155284F420400301EC5 /* WelcomeViewController.swift in Sources */ = {isa = PBXBuildFile; fileRef = 8E8BB154284F420400301EC5 /* WelcomeViewController.swift */; };
		8E8BB157284F420D00301EC5 /* Welcome.storyboard in Resources */ = {isa = PBXBuildFile; fileRef = 8E8BB156284F420D00301EC5 /* Welcome.storyboard */; };
		8EB8FA0B282CE12600B3BCEC /* AppDelegate.swift in Sources */ = {isa = PBXBuildFile; fileRef = 8EB8FA0A282CE12600B3BCEC /* AppDelegate.swift */; };
		8EB8FA0D282CE12600B3BCEC /* SceneDelegate.swift in Sources */ = {isa = PBXBuildFile; fileRef = 8EB8FA0C282CE12600B3BCEC /* SceneDelegate.swift */; };
		8EB8FA0F282CE12600B3BCEC /* ViewController.swift in Sources */ = {isa = PBXBuildFile; fileRef = 8EB8FA0E282CE12600B3BCEC /* ViewController.swift */; };
		8EB8FA12282CE12600B3BCEC /* Main.storyboard in Resources */ = {isa = PBXBuildFile; fileRef = 8EB8FA10282CE12600B3BCEC /* Main.storyboard */; };
		8EB8FA14282CE12700B3BCEC /* Assets.xcassets in Resources */ = {isa = PBXBuildFile; fileRef = 8EB8FA13282CE12700B3BCEC /* Assets.xcassets */; };
		8EB8FA17282CE12700B3BCEC /* LaunchScreen.storyboard in Resources */ = {isa = PBXBuildFile; fileRef = 8EB8FA15282CE12700B3BCEC /* LaunchScreen.storyboard */; };
		8EB8FA27282CE4BC00B3BCEC /* Home.storyboard in Resources */ = {isa = PBXBuildFile; fileRef = 8EB8FA26282CE4BC00B3BCEC /* Home.storyboard */; };
		8EB8FA29282CE4C300B3BCEC /* HomeViewController.swift in Sources */ = {isa = PBXBuildFile; fileRef = 8EB8FA28282CE4C300B3BCEC /* HomeViewController.swift */; };
		8EC091F228586081006B3DAE /* MockParser.swift in Sources */ = {isa = PBXBuildFile; fileRef = 8EC091F128586081006B3DAE /* MockParser.swift */; };
		8EC091F5285860C7006B3DAE /* MockManager.swift in Sources */ = {isa = PBXBuildFile; fileRef = 8EC091F4285860C7006B3DAE /* MockManager.swift */; };
		8EC091F8285860FF006B3DAE /* Data.swift in Sources */ = {isa = PBXBuildFile; fileRef = 8EC091F7285860FF006B3DAE /* Data.swift */; };
		8EC091FA2858FA82006B3DAE /* FirstViewController.swift in Sources */ = {isa = PBXBuildFile; fileRef = 8EC091F92858FA82006B3DAE /* FirstViewController.swift */; };
		8EC091FD2858FADA006B3DAE /* SecondViewController.swift in Sources */ = {isa = PBXBuildFile; fileRef = 8EC091FC2858FADA006B3DAE /* SecondViewController.swift */; };
		8EC091FF2858FAE1006B3DAE /* ThirdViewController.swift in Sources */ = {isa = PBXBuildFile; fileRef = 8EC091FE2858FAE1006B3DAE /* ThirdViewController.swift */; };
/* End PBXBuildFile section */

/* Begin PBXFileReference section */
		8E4690F9284E635D0017A081 /* LoginViewController.swift */ = {isa = PBXFileReference; lastKnownFileType = sourcecode.swift; path = LoginViewController.swift; sourceTree = "<group>"; };
		8E4690FB284E63670017A081 /* Login.storyboard */ = {isa = PBXFileReference; lastKnownFileType = file.storyboard; path = Login.storyboard; sourceTree = "<group>"; };
		8E4690FD284E63760017A081 /* SignUp.storyboard */ = {isa = PBXFileReference; lastKnownFileType = file.storyboard; path = SignUp.storyboard; sourceTree = "<group>"; };
		8E4690FF284E63820017A081 /* SignUpViewController.swift */ = {isa = PBXFileReference; lastKnownFileType = sourcecode.swift; path = SignUpViewController.swift; sourceTree = "<group>"; };
		8E469102284E65260017A081 /* Comfortaa-Light.ttf */ = {isa = PBXFileReference; lastKnownFileType = file; name = "Comfortaa-Light.ttf"; path = "../../../../../../../../../../Downloads/Comfortaa-2/static/Comfortaa-Light.ttf"; sourceTree = "<group>"; };
		8E469103284E65260017A081 /* Comfortaa-SemiBold.ttf */ = {isa = PBXFileReference; lastKnownFileType = file; name = "Comfortaa-SemiBold.ttf"; path = "../../../../../../../../../../Downloads/Comfortaa-2/static/Comfortaa-SemiBold.ttf"; sourceTree = "<group>"; };
		8E469104284E65260017A081 /* Comfortaa-Bold.ttf */ = {isa = PBXFileReference; lastKnownFileType = file; name = "Comfortaa-Bold.ttf"; path = "../../../../../../../../../../Downloads/Comfortaa-2/static/Comfortaa-Bold.ttf"; sourceTree = "<group>"; };
		8E469105284E65260017A081 /* Comfortaa-Regular.ttf */ = {isa = PBXFileReference; lastKnownFileType = file; name = "Comfortaa-Regular.ttf"; path = "../../../../../../../../../../Downloads/Comfortaa-2/static/Comfortaa-Regular.ttf"; sourceTree = "<group>"; };
		8E469106284E65260017A081 /* Comfortaa-Medium.ttf */ = {isa = PBXFileReference; lastKnownFileType = file; name = "Comfortaa-Medium.ttf"; path = "../../../../../../../../../../Downloads/Comfortaa-2/static/Comfortaa-Medium.ttf"; sourceTree = "<group>"; };
		8E4941C828579F2700E3F5E3 /* Main.storyboard */ = {isa = PBXFileReference; lastKnownFileType = file.storyboard; path = Main.storyboard; sourceTree = "<group>"; };
		8E4941CA28579F3E00E3F5E3 /* MainViewController.swift */ = {isa = PBXFileReference; lastKnownFileType = sourcecode.swift; path = MainViewController.swift; sourceTree = "<group>"; };
		8E4941D62857B8A200E3F5E3 /* Survey.storyboard */ = {isa = PBXFileReference; lastKnownFileType = file.storyboard; path = Survey.storyboard; sourceTree = "<group>"; };
		8E4941DF28585E8D00E3F5E3 /* Data.json */ = {isa = PBXFileReference; lastKnownFileType = text.json; path = Data.json; sourceTree = "<group>"; };
		8E8BB14B284E720C00301EC5 /* UIViewController+.swift */ = {isa = PBXFileReference; lastKnownFileType = sourcecode.swift; path = "UIViewController+.swift"; sourceTree = "<group>"; };
		8E8BB14D284E729700301EC5 /* UIView+.swift */ = {isa = PBXFileReference; lastKnownFileType = sourcecode.swift; path = "UIView+.swift"; sourceTree = "<group>"; };
		8E8BB152284F3CA700301EC5 /* RegisterViewController.swift */ = {isa = PBXFileReference; lastKnownFileType = sourcecode.swift; path = RegisterViewController.swift; sourceTree = "<group>"; };
		8E8BB154284F420400301EC5 /* WelcomeViewController.swift */ = {isa = PBXFileReference; lastKnownFileType = sourcecode.swift; path = WelcomeViewController.swift; sourceTree = "<group>"; };
		8E8BB156284F420D00301EC5 /* Welcome.storyboard */ = {isa = PBXFileReference; lastKnownFileType = file.storyboard; path = Welcome.storyboard; sourceTree = "<group>"; };
		8EB8FA07282CE12600B3BCEC /* E-NAME.app */ = {isa = PBXFileReference; explicitFileType = wrapper.application; includeInIndex = 0; path = "E-NAME.app"; sourceTree = BUILT_PRODUCTS_DIR; };
		8EB8FA0A282CE12600B3BCEC /* AppDelegate.swift */ = {isa = PBXFileReference; lastKnownFileType = sourcecode.swift; path = AppDelegate.swift; sourceTree = "<group>"; };
		8EB8FA0C282CE12600B3BCEC /* SceneDelegate.swift */ = {isa = PBXFileReference; lastKnownFileType = sourcecode.swift; path = SceneDelegate.swift; sourceTree = "<group>"; };
		8EB8FA0E282CE12600B3BCEC /* ViewController.swift */ = {isa = PBXFileReference; lastKnownFileType = sourcecode.swift; path = ViewController.swift; sourceTree = "<group>"; };
		8EB8FA11282CE12600B3BCEC /* Base */ = {isa = PBXFileReference; lastKnownFileType = file.storyboard; name = Base; path = Base.lproj/Main.storyboard; sourceTree = "<group>"; };
		8EB8FA13282CE12700B3BCEC /* Assets.xcassets */ = {isa = PBXFileReference; lastKnownFileType = folder.assetcatalog; path = Assets.xcassets; sourceTree = "<group>"; };
		8EB8FA16282CE12700B3BCEC /* Base */ = {isa = PBXFileReference; lastKnownFileType = file.storyboard; name = Base; path = Base.lproj/LaunchScreen.storyboard; sourceTree = "<group>"; };
		8EB8FA18282CE12700B3BCEC /* Info.plist */ = {isa = PBXFileReference; lastKnownFileType = text.plist.xml; path = Info.plist; sourceTree = "<group>"; };
		8EB8FA26282CE4BC00B3BCEC /* Home.storyboard */ = {isa = PBXFileReference; lastKnownFileType = file.storyboard; path = Home.storyboard; sourceTree = "<group>"; };
		8EB8FA28282CE4C300B3BCEC /* HomeViewController.swift */ = {isa = PBXFileReference; lastKnownFileType = sourcecode.swift; path = HomeViewController.swift; sourceTree = "<group>"; };
		8EC091F128586081006B3DAE /* MockParser.swift */ = {isa = PBXFileReference; lastKnownFileType = sourcecode.swift; path = MockParser.swift; sourceTree = "<group>"; };
		8EC091F4285860C7006B3DAE /* MockManager.swift */ = {isa = PBXFileReference; lastKnownFileType = sourcecode.swift; path = MockManager.swift; sourceTree = "<group>"; };
		8EC091F7285860FF006B3DAE /* Data.swift */ = {isa = PBXFileReference; lastKnownFileType = sourcecode.swift; path = Data.swift; sourceTree = "<group>"; };
		8EC091F92858FA82006B3DAE /* FirstViewController.swift */ = {isa = PBXFileReference; lastKnownFileType = sourcecode.swift; path = FirstViewController.swift; sourceTree = "<group>"; };
		8EC091FC2858FADA006B3DAE /* SecondViewController.swift */ = {isa = PBXFileReference; lastKnownFileType = sourcecode.swift; path = SecondViewController.swift; sourceTree = "<group>"; };
		8EC091FE2858FAE1006B3DAE /* ThirdViewController.swift */ = {isa = PBXFileReference; lastKnownFileType = sourcecode.swift; path = ThirdViewController.swift; sourceTree = "<group>"; };
/* End PBXFileReference section */

/* Begin PBXFrameworksBuildPhase section */
		8EB8FA04282CE12600B3BCEC /* Frameworks */ = {
			isa = PBXFrameworksBuildPhase;
			buildActionMask = 2147483647;
			files = (
			);
			runOnlyForDeploymentPostprocessing = 0;
		};
/* End PBXFrameworksBuildPhase section */

/* Begin PBXGroup section */
		8E4690F8284E63360017A081 /* Auth */ = {
			isa = PBXGroup;
			children = (
				8EB8FA26282CE4BC00B3BCEC /* Home.storyboard */,
				8E4690FB284E63670017A081 /* Login.storyboard */,
				8E4690FD284E63760017A081 /* SignUp.storyboard */,
				8E8BB156284F420D00301EC5 /* Welcome.storyboard */,
				8EB8FA28282CE4C300B3BCEC /* HomeViewController.swift */,
				8E4690F9284E635D0017A081 /* LoginViewController.swift */,
				8E4690FF284E63820017A081 /* SignUpViewController.swift */,
				8E8BB152284F3CA700301EC5 /* RegisterViewController.swift */,
				8E8BB154284F420400301EC5 /* WelcomeViewController.swift */,
			);
			path = Auth;
			sourceTree = "<group>";
		};
		8E469101284E651A0017A081 /* Fonts */ = {
			isa = PBXGroup;
			children = (
				8E469104284E65260017A081 /* Comfortaa-Bold.ttf */,
				8E469102284E65260017A081 /* Comfortaa-Light.ttf */,
				8E469106284E65260017A081 /* Comfortaa-Medium.ttf */,
				8E469105284E65260017A081 /* Comfortaa-Regular.ttf */,
				8E469103284E65260017A081 /* Comfortaa-SemiBold.ttf */,
			);
			path = Fonts;
			sourceTree = "<group>";
		};
		8E4941C728579F1200E3F5E3 /* Main */ = {
			isa = PBXGroup;
			children = (
				8E4941C828579F2700E3F5E3 /* Main.storyboard */,
				8E4941CA28579F3E00E3F5E3 /* MainViewController.swift */,
			);
			path = Main;
			sourceTree = "<group>";
		};
		8E4941D82857B8A700E3F5E3 /* Survey */ = {
			isa = PBXGroup;
			children = (
				8E4941D62857B8A200E3F5E3 /* Survey.storyboard */,
				8EC091F92858FA82006B3DAE /* FirstViewController.swift */,
				8EC091FC2858FADA006B3DAE /* SecondViewController.swift */,
				8EC091FE2858FAE1006B3DAE /* ThirdViewController.swift */,
			);
			path = Survey;
			sourceTree = "<group>";
		};
		8E4941DA28585E4300E3F5E3 /* MockData */ = {
			isa = PBXGroup;
			children = (
				8E4941DF28585E8D00E3F5E3 /* Data.json */,
			);
			path = MockData;
			sourceTree = "<group>";
		};
		8E8BB149284E71EE00301EC5 /* Global */ = {
			isa = PBXGroup;
			children = (
				8EC091F6285860F7006B3DAE /* Model */,
				8E4941DA28585E4300E3F5E3 /* MockData */,
				8EC091F3285860B3006B3DAE /* Service */,
				8EC091F028586075006B3DAE /* Network */,
				8E8BB14A284E71F300301EC5 /* Extension */,
			);
			path = Global;
			sourceTree = "<group>";
		};
		8E8BB14A284E71F300301EC5 /* Extension */ = {
			isa = PBXGroup;
			children = (
				8E8BB14D284E729700301EC5 /* UIView+.swift */,
				8E8BB14B284E720C00301EC5 /* UIViewController+.swift */,
			);
			path = Extension;
			sourceTree = "<group>";
		};
		8EB8F9FE282CE12600B3BCEC = {
			isa = PBXGroup;
			children = (
				8EB8FA09282CE12600B3BCEC /* E-NAME */,
				8EB8FA08282CE12600B3BCEC /* Products */,
			);
			sourceTree = "<group>";
		};
		8EB8FA08282CE12600B3BCEC /* Products */ = {
			isa = PBXGroup;
			children = (
				8EB8FA07282CE12600B3BCEC /* E-NAME.app */,
			);
			name = Products;
			sourceTree = "<group>";
		};
		8EB8FA09282CE12600B3BCEC /* E-NAME */ = {
			isa = PBXGroup;
			children = (
				8E8BB149284E71EE00301EC5 /* Global */,
				8EB8FA1F282CE44800B3BCEC /* Source */,
				8EB8FA20282CE44F00B3BCEC /* Resource */,
				8EB8FA18282CE12700B3BCEC /* Info.plist */,
			);
			path = "E-NAME";
			sourceTree = "<group>";
		};
		8EB8FA1F282CE44800B3BCEC /* Source */ = {
			isa = PBXGroup;
			children = (
				8EB8FA21282CE46100B3BCEC /* Screen */,
			);
			path = Source;
			sourceTree = "<group>";
		};
		8EB8FA20282CE44F00B3BCEC /* Resource */ = {
			isa = PBXGroup;
			children = (
				8EB8FA23282CE47400B3BCEC /* Asset */,
				8EB8FA24282CE47C00B3BCEC /* Storyboard */,
				8EB8FA25282CE48E00B3BCEC /* Support */,
			);
			path = Resource;
			sourceTree = "<group>";
		};
		8EB8FA21282CE46100B3BCEC /* Screen */ = {
			isa = PBXGroup;
			children = (
				8E4690F8284E63360017A081 /* Auth */,
				8E4941C728579F1200E3F5E3 /* Main */,
				8E4941D82857B8A700E3F5E3 /* Survey */,
			);
			path = Screen;
			sourceTree = "<group>";
		};
		8EB8FA23282CE47400B3BCEC /* Asset */ = {
			isa = PBXGroup;
			children = (
				8E469101284E651A0017A081 /* Fonts */,
				8EB8FA13282CE12700B3BCEC /* Assets.xcassets */,
			);
			path = Asset;
			sourceTree = "<group>";
		};
		8EB8FA24282CE47C00B3BCEC /* Storyboard */ = {
			isa = PBXGroup;
			children = (
				8EB8FA10282CE12600B3BCEC /* Main.storyboard */,
				8EB8FA15282CE12700B3BCEC /* LaunchScreen.storyboard */,
			);
			path = Storyboard;
			sourceTree = "<group>";
		};
		8EB8FA25282CE48E00B3BCEC /* Support */ = {
			isa = PBXGroup;
			children = (
				8EB8FA0C282CE12600B3BCEC /* SceneDelegate.swift */,
				8EB8FA0A282CE12600B3BCEC /* AppDelegate.swift */,
				8EB8FA0E282CE12600B3BCEC /* ViewController.swift */,
			);
			path = Support;
			sourceTree = "<group>";
		};
		8EC091F028586075006B3DAE /* Network */ = {
			isa = PBXGroup;
			children = (
				8EC091F128586081006B3DAE /* MockParser.swift */,
			);
			path = Network;
			sourceTree = "<group>";
		};
		8EC091F3285860B3006B3DAE /* Service */ = {
			isa = PBXGroup;
			children = (
				8EC091F4285860C7006B3DAE /* MockManager.swift */,
			);
			path = Service;
			sourceTree = "<group>";
		};
		8EC091F6285860F7006B3DAE /* Model */ = {
			isa = PBXGroup;
			children = (
				8EC091F7285860FF006B3DAE /* Data.swift */,
			);
			path = Model;
			sourceTree = "<group>";
		};
/* End PBXGroup section */

/* Begin PBXNativeTarget section */
		8EB8FA06282CE12600B3BCEC /* E-NAME */ = {
			isa = PBXNativeTarget;
			buildConfigurationList = 8EB8FA1B282CE12700B3BCEC /* Build configuration list for PBXNativeTarget "E-NAME" */;
			buildPhases = (
				8EB8FA03282CE12600B3BCEC /* Sources */,
				8EB8FA04282CE12600B3BCEC /* Frameworks */,
				8EB8FA05282CE12600B3BCEC /* Resources */,
			);
			buildRules = (
			);
			dependencies = (
			);
			name = "E-NAME";
			productName = "E-NAME";
			productReference = 8EB8FA07282CE12600B3BCEC /* E-NAME.app */;
			productType = "com.apple.product-type.application";
		};
/* End PBXNativeTarget section */

/* Begin PBXProject section */
		8EB8F9FF282CE12600B3BCEC /* Project object */ = {
			isa = PBXProject;
			attributes = {
				BuildIndependentTargetsInParallel = 1;
				LastSwiftUpdateCheck = 1330;
				LastUpgradeCheck = 1330;
				TargetAttributes = {
					8EB8FA06282CE12600B3BCEC = {
						CreatedOnToolsVersion = 13.3.1;
					};
				};
			};
			buildConfigurationList = 8EB8FA02282CE12600B3BCEC /* Build configuration list for PBXProject "E-NAME" */;
			compatibilityVersion = "Xcode 13.0";
			developmentRegion = en;
			hasScannedForEncodings = 0;
			knownRegions = (
				en,
				Base,
			);
			mainGroup = 8EB8F9FE282CE12600B3BCEC;
			productRefGroup = 8EB8FA08282CE12600B3BCEC /* Products */;
			projectDirPath = "";
			projectRoot = "";
			targets = (
				8EB8FA06282CE12600B3BCEC /* E-NAME */,
			);
		};
/* End PBXProject section */

/* Begin PBXResourcesBuildPhase section */
		8EB8FA05282CE12600B3BCEC /* Resources */ = {
			isa = PBXResourcesBuildPhase;
			buildActionMask = 2147483647;
			files = (
				8EB8FA17282CE12700B3BCEC /* LaunchScreen.storyboard in Resources */,
				8EB8FA14282CE12700B3BCEC /* Assets.xcassets in Resources */,
				8E469108284E65260017A081 /* Comfortaa-SemiBold.ttf in Resources */,
				8E4690FE284E63760017A081 /* SignUp.storyboard in Resources */,
				8EB8FA12282CE12600B3BCEC /* Main.storyboard in Resources */,
				8E8BB157284F420D00301EC5 /* Welcome.storyboard in Resources */,
				8E4941D72857B8A200E3F5E3 /* Survey.storyboard in Resources */,
				8E469107284E65260017A081 /* Comfortaa-Light.ttf in Resources */,
				8E4941C928579F2700E3F5E3 /* Main.storyboard in Resources */,
				8E4690FC284E63670017A081 /* Login.storyboard in Resources */,
				8EB8FA27282CE4BC00B3BCEC /* Home.storyboard in Resources */,
				8E46910A284E65260017A081 /* Comfortaa-Regular.ttf in Resources */,
				8E469109284E65260017A081 /* Comfortaa-Bold.ttf in Resources */,
				8E4941E028585E8D00E3F5E3 /* Data.json in Resources */,
				8E46910B284E65260017A081 /* Comfortaa-Medium.ttf in Resources */,
			);
			runOnlyForDeploymentPostprocessing = 0;
		};
/* End PBXResourcesBuildPhase section */

/* Begin PBXSourcesBuildPhase section */
		8EB8FA03282CE12600B3BCEC /* Sources */ = {
			isa = PBXSourcesBuildPhase;
			buildActionMask = 2147483647;
			files = (
				8EC091FF2858FAE1006B3DAE /* ThirdViewController.swift in Sources */,
				8EC091FD2858FADA006B3DAE /* SecondViewController.swift in Sources */,
				8E8BB153284F3CA700301EC5 /* RegisterViewController.swift in Sources */,
				8E4941CB28579F3E00E3F5E3 /* MainViewController.swift in Sources */,
				8EC091FA2858FA82006B3DAE /* FirstViewController.swift in Sources */,
				8E8BB155284F420400301EC5 /* WelcomeViewController.swift in Sources */,
				8E8BB14C284E720C00301EC5 /* UIViewController+.swift in Sources */,
				8E469100284E63820017A081 /* SignUpViewController.swift in Sources */,
				8EB8FA0F282CE12600B3BCEC /* ViewController.swift in Sources */,
				8EC091F228586081006B3DAE /* MockParser.swift in Sources */,
				8EC091F8285860FF006B3DAE /* Data.swift in Sources */,
				8EB8FA0B282CE12600B3BCEC /* AppDelegate.swift in Sources */,
				8E8BB14E284E729700301EC5 /* UIView+.swift in Sources */,
				8EB8FA0D282CE12600B3BCEC /* SceneDelegate.swift in Sources */,
				8E4690FA284E635D0017A081 /* LoginViewController.swift in Sources */,
				8EB8FA29282CE4C300B3BCEC /* HomeViewController.swift in Sources */,
				8EC091F5285860C7006B3DAE /* MockManager.swift in Sources */,
			);
			runOnlyForDeploymentPostprocessing = 0;
		};
/* End PBXSourcesBuildPhase section */

/* Begin PBXVariantGroup section */
		8EB8FA10282CE12600B3BCEC /* Main.storyboard */ = {
			isa = PBXVariantGroup;
			children = (
				8EB8FA11282CE12600B3BCEC /* Base */,
			);
			name = Main.storyboard;
			sourceTree = "<group>";
		};
		8EB8FA15282CE12700B3BCEC /* LaunchScreen.storyboard */ = {
			isa = PBXVariantGroup;
			children = (
				8EB8FA16282CE12700B3BCEC /* Base */,
			);
			name = LaunchScreen.storyboard;
			sourceTree = "<group>";
		};
/* End PBXVariantGroup section */

/* Begin XCBuildConfiguration section */
		8EB8FA19282CE12700B3BCEC /* Debug */ = {
			isa = XCBuildConfiguration;
			buildSettings = {
				ALWAYS_SEARCH_USER_PATHS = NO;
				CLANG_ANALYZER_NONNULL = YES;
				CLANG_ANALYZER_NUMBER_OBJECT_CONVERSION = YES_AGGRESSIVE;
				CLANG_CXX_LANGUAGE_STANDARD = "gnu++17";
				CLANG_ENABLE_MODULES = YES;
				CLANG_ENABLE_OBJC_ARC = YES;
				CLANG_ENABLE_OBJC_WEAK = YES;
				CLANG_WARN_BLOCK_CAPTURE_AUTORELEASING = YES;
				CLANG_WARN_BOOL_CONVERSION = YES;
				CLANG_WARN_COMMA = YES;
				CLANG_WARN_CONSTANT_CONVERSION = YES;
				CLANG_WARN_DEPRECATED_OBJC_IMPLEMENTATIONS = YES;
				CLANG_WARN_DIRECT_OBJC_ISA_USAGE = YES_ERROR;
				CLANG_WARN_DOCUMENTATION_COMMENTS = YES;
				CLANG_WARN_EMPTY_BODY = YES;
				CLANG_WARN_ENUM_CONVERSION = YES;
				CLANG_WARN_INFINITE_RECURSION = YES;
				CLANG_WARN_INT_CONVERSION = YES;
				CLANG_WARN_NON_LITERAL_NULL_CONVERSION = YES;
				CLANG_WARN_OBJC_IMPLICIT_RETAIN_SELF = YES;
				CLANG_WARN_OBJC_LITERAL_CONVERSION = YES;
				CLANG_WARN_OBJC_ROOT_CLASS = YES_ERROR;
				CLANG_WARN_QUOTED_INCLUDE_IN_FRAMEWORK_HEADER = YES;
				CLANG_WARN_RANGE_LOOP_ANALYSIS = YES;
				CLANG_WARN_STRICT_PROTOTYPES = YES;
				CLANG_WARN_SUSPICIOUS_MOVE = YES;
				CLANG_WARN_UNGUARDED_AVAILABILITY = YES_AGGRESSIVE;
				CLANG_WARN_UNREACHABLE_CODE = YES;
				CLANG_WARN__DUPLICATE_METHOD_MATCH = YES;
				COPY_PHASE_STRIP = NO;
				DEBUG_INFORMATION_FORMAT = dwarf;
				ENABLE_STRICT_OBJC_MSGSEND = YES;
				ENABLE_TESTABILITY = YES;
				GCC_C_LANGUAGE_STANDARD = gnu11;
				GCC_DYNAMIC_NO_PIC = NO;
				GCC_NO_COMMON_BLOCKS = YES;
				GCC_OPTIMIZATION_LEVEL = 0;
				GCC_PREPROCESSOR_DEFINITIONS = (
					"DEBUG=1",
					"$(inherited)",
				);
				GCC_WARN_64_TO_32_BIT_CONVERSION = YES;
				GCC_WARN_ABOUT_RETURN_TYPE = YES_ERROR;
				GCC_WARN_UNDECLARED_SELECTOR = YES;
				GCC_WARN_UNINITIALIZED_AUTOS = YES_AGGRESSIVE;
				GCC_WARN_UNUSED_FUNCTION = YES;
				GCC_WARN_UNUSED_VARIABLE = YES;
				IPHONEOS_DEPLOYMENT_TARGET = 15.4;
				MTL_ENABLE_DEBUG_INFO = INCLUDE_SOURCE;
				MTL_FAST_MATH = YES;
				ONLY_ACTIVE_ARCH = YES;
				SDKROOT = iphoneos;
				SWIFT_ACTIVE_COMPILATION_CONDITIONS = DEBUG;
				SWIFT_OPTIMIZATION_LEVEL = "-Onone";
			};
			name = Debug;
		};
		8EB8FA1A282CE12700B3BCEC /* Release */ = {
			isa = XCBuildConfiguration;
			buildSettings = {
				ALWAYS_SEARCH_USER_PATHS = NO;
				CLANG_ANALYZER_NONNULL = YES;
				CLANG_ANALYZER_NUMBER_OBJECT_CONVERSION = YES_AGGRESSIVE;
				CLANG_CXX_LANGUAGE_STANDARD = "gnu++17";
				CLANG_ENABLE_MODULES = YES;
				CLANG_ENABLE_OBJC_ARC = YES;
				CLANG_ENABLE_OBJC_WEAK = YES;
				CLANG_WARN_BLOCK_CAPTURE_AUTORELEASING = YES;
				CLANG_WARN_BOOL_CONVERSION = YES;
				CLANG_WARN_COMMA = YES;
				CLANG_WARN_CONSTANT_CONVERSION = YES;
				CLANG_WARN_DEPRECATED_OBJC_IMPLEMENTATIONS = YES;
				CLANG_WARN_DIRECT_OBJC_ISA_USAGE = YES_ERROR;
				CLANG_WARN_DOCUMENTATION_COMMENTS = YES;
				CLANG_WARN_EMPTY_BODY = YES;
				CLANG_WARN_ENUM_CONVERSION = YES;
				CLANG_WARN_INFINITE_RECURSION = YES;
				CLANG_WARN_INT_CONVERSION = YES;
				CLANG_WARN_NON_LITERAL_NULL_CONVERSION = YES;
				CLANG_WARN_OBJC_IMPLICIT_RETAIN_SELF = YES;
				CLANG_WARN_OBJC_LITERAL_CONVERSION = YES;
				CLANG_WARN_OBJC_ROOT_CLASS = YES_ERROR;
				CLANG_WARN_QUOTED_INCLUDE_IN_FRAMEWORK_HEADER = YES;
				CLANG_WARN_RANGE_LOOP_ANALYSIS = YES;
				CLANG_WARN_STRICT_PROTOTYPES = YES;
				CLANG_WARN_SUSPICIOUS_MOVE = YES;
				CLANG_WARN_UNGUARDED_AVAILABILITY = YES_AGGRESSIVE;
				CLANG_WARN_UNREACHABLE_CODE = YES;
				CLANG_WARN__DUPLICATE_METHOD_MATCH = YES;
				COPY_PHASE_STRIP = NO;
				DEBUG_INFORMATION_FORMAT = "dwarf-with-dsym";
				ENABLE_NS_ASSERTIONS = NO;
				ENABLE_STRICT_OBJC_MSGSEND = YES;
				GCC_C_LANGUAGE_STANDARD = gnu11;
				GCC_NO_COMMON_BLOCKS = YES;
				GCC_WARN_64_TO_32_BIT_CONVERSION = YES;
				GCC_WARN_ABOUT_RETURN_TYPE = YES_ERROR;
				GCC_WARN_UNDECLARED_SELECTOR = YES;
				GCC_WARN_UNINITIALIZED_AUTOS = YES_AGGRESSIVE;
				GCC_WARN_UNUSED_FUNCTION = YES;
				GCC_WARN_UNUSED_VARIABLE = YES;
				IPHONEOS_DEPLOYMENT_TARGET = 15.4;
				MTL_ENABLE_DEBUG_INFO = NO;
				MTL_FAST_MATH = YES;
				SDKROOT = iphoneos;
				SWIFT_COMPILATION_MODE = wholemodule;
				SWIFT_OPTIMIZATION_LEVEL = "-O";
				VALIDATE_PRODUCT = YES;
			};
			name = Release;
		};
		8EB8FA1C282CE12700B3BCEC /* Debug */ = {
			isa = XCBuildConfiguration;
			buildSettings = {
				ASSETCATALOG_COMPILER_APPICON_NAME = AppIcon;
				ASSETCATALOG_COMPILER_GLOBAL_ACCENT_COLOR_NAME = AccentColor;
				CODE_SIGN_STYLE = Automatic;
				CURRENT_PROJECT_VERSION = 1;
				DEVELOPMENT_TEAM = R6RDNJW78B;
				GENERATE_INFOPLIST_FILE = YES;
				INFOPLIST_FILE = "E-NAME/Info.plist";
				INFOPLIST_KEY_UIApplicationSupportsIndirectInputEvents = YES;
				INFOPLIST_KEY_UILaunchStoryboardName = LaunchScreen;
				INFOPLIST_KEY_UIMainStoryboardFile = Main;
				INFOPLIST_KEY_UISupportedInterfaceOrientations_iPad = "UIInterfaceOrientationPortrait UIInterfaceOrientationPortraitUpsideDown UIInterfaceOrientationLandscapeLeft UIInterfaceOrientationLandscapeRight";
				INFOPLIST_KEY_UISupportedInterfaceOrientations_iPhone = "UIInterfaceOrientationPortrait UIInterfaceOrientationLandscapeLeft UIInterfaceOrientationLandscapeRight";
				LD_RUNPATH_SEARCH_PATHS = (
					"$(inherited)",
					"@executable_path/Frameworks",
				);
				MARKETING_VERSION = 1.0;
				PRODUCT_BUNDLE_IDENTIFIER = "subinyoon.E-NAME";
				PRODUCT_NAME = "$(TARGET_NAME)";
				SWIFT_EMIT_LOC_STRINGS = YES;
				SWIFT_VERSION = 5.0;
				TARGETED_DEVICE_FAMILY = "1,2";
			};
			name = Debug;
		};
		8EB8FA1D282CE12700B3BCEC /* Release */ = {
			isa = XCBuildConfiguration;
			buildSettings = {
				ASSETCATALOG_COMPILER_APPICON_NAME = AppIcon;
				ASSETCATALOG_COMPILER_GLOBAL_ACCENT_COLOR_NAME = AccentColor;
				CODE_SIGN_STYLE = Automatic;
				CURRENT_PROJECT_VERSION = 1;
				DEVELOPMENT_TEAM = R6RDNJW78B;
				GENERATE_INFOPLIST_FILE = YES;
				INFOPLIST_FILE = "E-NAME/Info.plist";
				INFOPLIST_KEY_UIApplicationSupportsIndirectInputEvents = YES;
				INFOPLIST_KEY_UILaunchStoryboardName = LaunchScreen;
				INFOPLIST_KEY_UIMainStoryboardFile = Main;
				INFOPLIST_KEY_UISupportedInterfaceOrientations_iPad = "UIInterfaceOrientationPortrait UIInterfaceOrientationPortraitUpsideDown UIInterfaceOrientationLandscapeLeft UIInterfaceOrientationLandscapeRight";
				INFOPLIST_KEY_UISupportedInterfaceOrientations_iPhone = "UIInterfaceOrientationPortrait UIInterfaceOrientationLandscapeLeft UIInterfaceOrientationLandscapeRight";
				LD_RUNPATH_SEARCH_PATHS = (
					"$(inherited)",
					"@executable_path/Frameworks",
				);
				MARKETING_VERSION = 1.0;
				PRODUCT_BUNDLE_IDENTIFIER = "subinyoon.E-NAME";
				PRODUCT_NAME = "$(TARGET_NAME)";
				SWIFT_EMIT_LOC_STRINGS = YES;
				SWIFT_VERSION = 5.0;
				TARGETED_DEVICE_FAMILY = "1,2";
			};
			name = Release;
		};
/* End XCBuildConfiguration section */

/* Begin XCConfigurationList section */
		8EB8FA02282CE12600B3BCEC /* Build configuration list for PBXProject "E-NAME" */ = {
			isa = XCConfigurationList;
			buildConfigurations = (
				8EB8FA19282CE12700B3BCEC /* Debug */,
				8EB8FA1A282CE12700B3BCEC /* Release */,
			);
			defaultConfigurationIsVisible = 0;
			defaultConfigurationName = Release;
		};
		8EB8FA1B282CE12700B3BCEC /* Build configuration list for PBXNativeTarget "E-NAME" */ = {
			isa = XCConfigurationList;
			buildConfigurations = (
				8EB8FA1C282CE12700B3BCEC /* Debug */,
				8EB8FA1D282CE12700B3BCEC /* Release */,
			);
			defaultConfigurationIsVisible = 0;
			defaultConfigurationName = Release;
		};
/* End XCConfigurationList section */
	};
	rootObject = 8EB8F9FF282CE12600B3BCEC /* Project object */;
}
